
Microsoft Visual Studio Solution File, Format Version 12.00
Project("{FAE04EC0-301F-11D3-BF4B-00C04F79EFBC}") = "PTQ", "PTQ\PTQ.csproj", "{4A14EDEB-7CCA-4FCF-9A4A-F8D3D6E53629}"
EndProject
Project("{FAE04EC0-301F-11D3-BF4B-00C04F79EFBC}") = "PTQ.Models", "PTQ.Models\PTQ.Models.csproj", "{68BC822F-2C4E-47DB-BF19-02D3A3BD3471}"
EndProject
Project("{FAE04EC0-301F-11D3-BF4B-00C04F79EFBC}") = "PTQ.Repositories", "PTQ.Repositories\PTQ.Repositories.csproj", "{7900AA43-E706-440A-9B72-0D2FB9D589A9}"
EndProject
Project("{FAE04EC0-301F-11D3-BF4B-00C04F79EFBC}") = "PTQ.Application", "PTQ.Application\PTQ.Application.csproj", "{EA778101-850E-4DFC-A5E9-ED98E93D1C7A}"
EndProject
Project("{FAE04EC0-301F-11D3-BF4B-00C04F79EFBC}") = "PTQ.API", "PTQ.API\PTQ.API.csproj", "{FD6C0EC5-083F-4BFA-9E9B-94C027DE5F56}"
EndProject
Project("{2150E333-8FDC-42A3-9474-1A3956D46DE8}") = "src", "src", "{D64B1814-C9D6-4F47-A16E-EDE2DA71EEEA}"
EndProject
Global
	GlobalSection(SolutionConfigurationPlatforms) = preSolution
		Debug|Any CPU = Debug|Any CPU
		Release|Any CPU = Release|Any CPU
	EndGlobalSection
	GlobalSection(ProjectConfigurationPlatforms) = postSolution
		{4A14EDEB-7CCA-4FCF-9A4A-F8D3D6E53629}.Debug|Any CPU.ActiveCfg = Debug|Any CPU
		{4A14EDEB-7CCA-4FCF-9A4A-F8D3D6E53629}.Debug|Any CPU.Build.0 = Debug|Any CPU
		{4A14EDEB-7CCA-4FCF-9A4A-F8D3D6E53629}.Release|Any CPU.ActiveCfg = Release|Any CPU
		{4A14EDEB-7CCA-4FCF-9A4A-F8D3D6E53629}.Release|Any CPU.Build.0 = Release|Any CPU
		{68BC822F-2C4E-47DB-BF19-02D3A3BD3471}.Debug|Any CPU.ActiveCfg = Debug|Any CPU
		{68BC822F-2C4E-47DB-BF19-02D3A3BD3471}.Debug|Any CPU.Build.0 = Debug|Any CPU
		{68BC822F-2C4E-47DB-BF19-02D3A3BD3471}.Release|Any CPU.ActiveCfg = Release|Any CPU
		{68BC822F-2C4E-47DB-BF19-02D3A3BD3471}.Release|Any CPU.Build.0 = Release|Any CPU
		{7900AA43-E706-440A-9B72-0D2FB9D589A9}.Debug|Any CPU.ActiveCfg = Debug|Any CPU
		{7900AA43-E706-440A-9B72-0D2FB9D589A9}.Debug|Any CPU.Build.0 = Debug|Any CPU
		{7900AA43-E706-440A-9B72-0D2FB9D589A9}.Release|Any CPU.ActiveCfg = Release|Any CPU
		{7900AA43-E706-440A-9B72-0D2FB9D589A9}.Release|Any CPU.Build.0 = Release|Any CPU
		{EA778101-850E-4DFC-A5E9-ED98E93D1C7A}.Debug|Any CPU.ActiveCfg = Debug|Any CPU
		{EA778101-850E-4DFC-A5E9-ED98E93D1C7A}.Debug|Any CPU.Build.0 = Debug|Any CPU
		{EA778101-850E-4DFC-A5E9-ED98E93D1C7A}.Release|Any CPU.ActiveCfg = Release|Any CPU
		{EA778101-850E-4DFC-A5E9-ED98E93D1C7A}.Release|Any CPU.Build.0 = Release|Any CPU
		{FD6C0EC5-083F-4BFA-9E9B-94C027DE5F56}.Debug|Any CPU.ActiveCfg = Debug|Any CPU
		{FD6C0EC5-083F-4BFA-9E9B-94C027DE5F56}.Debug|Any CPU.Build.0 = Debug|Any CPU
		{FD6C0EC5-083F-4BFA-9E9B-94C027DE5F56}.Release|Any CPU.ActiveCfg = Release|Any CPU
		{FD6C0EC5-083F-4BFA-9E9B-94C027DE5F56}.Release|Any CPU.Build.0 = Release|Any CPU
	EndGlobalSection
	GlobalSection(NestedProjects) = preSolution
		{4A14EDEB-7CCA-4FCF-9A4A-F8D3D6E53629} = {D64B1814-C9D6-4F47-A16E-EDE2DA71EEEA}
		{FD6C0EC5-083F-4BFA-9E9B-94C027DE5F56} = {D64B1814-C9D6-4F47-A16E-EDE2DA71EEEA}
		{EA778101-850E-4DFC-A5E9-ED98E93D1C7A} = {D64B1814-C9D6-4F47-A16E-EDE2DA71EEEA}
		{68BC822F-2C4E-47DB-BF19-02D3A3BD3471} = {D64B1814-C9D6-4F47-A16E-EDE2DA71EEEA}
		{7900AA43-E706-440A-9B72-0D2FB9D589A9} = {D64B1814-C9D6-4F47-A16E-EDE2DA71EEEA}
	EndGlobalSection
EndGlobal
